
Microsoft Visual Studio Solution File, Format Version 12.00
# Visual Studio 15
VisualStudioVersion = 15.0.26730.10
MinimumVisualStudioVersion = 10.0.40219.1
Project("{9A19103F-16F7-4668-BE54-9A1E7A4F7556}") = "Toolbelt.AspNetCore.MarkdownPages", "Toolbelt.AspNetCore.MarkdownPages\Toolbelt.AspNetCore.MarkdownPages.csproj", "{9BF0690B-3D94-4E41-A892-E29DD1D0C7AB}"
EndProject
Project("{2150E333-8FDC-42A3-9474-1A3956D46DE8}") = "README", "README", "{706768C2-68DA-4CE9-B040-A0A3A19CD1F7}"
	ProjectSection(SolutionItems) = preProject
		README.md = README.md
	EndProjectSection
EndProject
Global
	GlobalSection(SolutionConfigurationPlatforms) = preSolution
		Debug|Any CPU = Debug|Any CPU
		Release|Any CPU = Release|Any CPU
	EndGlobalSection
	GlobalSection(ProjectConfigurationPlatforms) = postSolution
		{9BF0690B-3D94-4E41-A892-E29DD1D0C7AB}.Debug|Any CPU.ActiveCfg = Debug|Any CPU
		{9BF0690B-3D94-4E41-A892-E29DD1D0C7AB}.Debug|Any CPU.Build.0 = Debug|Any CPU
		{9BF0690B-3D94-4E41-A892-E29DD1D0C7AB}.Release|Any CPU.ActiveCfg = Release|Any CPU
		{9BF0690B-3D94-4E41-A892-E29DD1D0C7AB}.Release|Any CPU.Build.0 = Release|Any CPU
	EndGlobalSection
	GlobalSection(SolutionProperties) = preSolution
		HideSolutionNode = FALSE
	EndGlobalSection
	GlobalSection(ExtensibilityGlobals) = postSolution
		SolutionGuid = {C93458A1-38DC-46AF-8B5F-0A04DBDD2263}
	EndGlobalSection
EndGlobal
